// !$*UTF8*$!
{
	archiveVersion = 1;
	classes = {
	};
	objectVersion = 50;
	objects = {

/* Begin PBXBuildFile section */
		C8183CDA26ECEF5800C63BCC /* Button.swift in Sources */ = {isa = PBXBuildFile; fileRef = C8183CD926ECEF5800C63BCC /* Button.swift */; };
		C82ED2A826FF2515005CF2F4 /* CountingLabel.swift in Sources */ = {isa = PBXBuildFile; fileRef = C82ED2A726FF2515005CF2F4 /* CountingLabel.swift */; };
		C82ED2AA26FF4EC5005CF2F4 /* Extensions.swift in Sources */ = {isa = PBXBuildFile; fileRef = C82ED2A926FF4EC5005CF2F4 /* Extensions.swift */; };
		C84078B826DF661C0023C454 /* Quicksand-Bold.ttf in Resources */ = {isa = PBXBuildFile; fileRef = C84078B026DF661C0023C454 /* Quicksand-Bold.ttf */; };
		C84078B926DF661C0023C454 /* Quicksand-Medium.ttf in Resources */ = {isa = PBXBuildFile; fileRef = C84078B126DF661C0023C454 /* Quicksand-Medium.ttf */; };
		C84078BA26DF661C0023C454 /* Quicksand-Regular.ttf in Resources */ = {isa = PBXBuildFile; fileRef = C84078B226DF661C0023C454 /* Quicksand-Regular.ttf */; };
		C84078BB26DF661C0023C454 /* Quicksand-SemiBold.ttf in Resources */ = {isa = PBXBuildFile; fileRef = C84078B326DF661C0023C454 /* Quicksand-SemiBold.ttf */; };
		C84078BC26DF661C0023C454 /* Quicksand-Light.ttf in Resources */ = {isa = PBXBuildFile; fileRef = C84078B426DF661C0023C454 /* Quicksand-Light.ttf */; };
		C84078BD26DF661C0023C454 /* OFL.txt in Resources */ = {isa = PBXBuildFile; fileRef = C84078B526DF661C0023C454 /* OFL.txt */; };
		C84078BE26DF661C0023C454 /* Quicksand-VariableFont_wght.ttf in Resources */ = {isa = PBXBuildFile; fileRef = C84078B626DF661C0023C454 /* Quicksand-VariableFont_wght.ttf */; };
		C84078BF26DF661C0023C454 /* README.txt in Resources */ = {isa = PBXBuildFile; fileRef = C84078B726DF661C0023C454 /* README.txt */; };
		C84C0ED526F328C5001EE807 /* Slider.swift in Sources */ = {isa = PBXBuildFile; fileRef = C84C0ED426F328C5001EE807 /* Slider.swift */; };
		C853A03826DE340F00BBF32E /* AppDelegate.swift in Sources */ = {isa = PBXBuildFile; fileRef = C853A03726DE340F00BBF32E /* AppDelegate.swift */; };
		C853A03A26DE340F00BBF32E /* SceneDelegate.swift in Sources */ = {isa = PBXBuildFile; fileRef = C853A03926DE340F00BBF32E /* SceneDelegate.swift */; };
		C853A03C26DE340F00BBF32E /* CalculateVC.swift in Sources */ = {isa = PBXBuildFile; fileRef = C853A03B26DE340F00BBF32E /* CalculateVC.swift */; };
		C853A03F26DE340F00BBF32E /* Main.storyboard in Resources */ = {isa = PBXBuildFile; fileRef = C853A03D26DE340F00BBF32E /* Main.storyboard */; };
		C853A04126DE340F00BBF32E /* Assets.xcassets in Resources */ = {isa = PBXBuildFile; fileRef = C853A04026DE340F00BBF32E /* Assets.xcassets */; };
		C853A04426DE340F00BBF32E /* LaunchScreen.storyboard in Resources */ = {isa = PBXBuildFile; fileRef = C853A04226DE340F00BBF32E /* LaunchScreen.storyboard */; };
		C88940242701CFA6008EDAE9 /* CircularProgressBar.swift in Sources */ = {isa = PBXBuildFile; fileRef = C88940232701CFA6008EDAE9 /* CircularProgressBar.swift */; };
		C8F3E21D26FAE00900C35A64 /* ResultVC.swift in Sources */ = {isa = PBXBuildFile; fileRef = C8F3E21C26FAE00900C35A64 /* ResultVC.swift */; };
		C8FC02D026F33CB600FC20E2 /* Logo.swift in Sources */ = {isa = PBXBuildFile; fileRef = C8FC02CF26F33CB600FC20E2 /* Logo.swift */; };
		C8FD934226DFB1230077957F /* GradientLabel.swift in Sources */ = {isa = PBXBuildFile; fileRef = C8FD934126DFB1230077957F /* GradientLabel.swift */; };
/* End PBXBuildFile section */

/* Begin PBXFileReference section */
		C8183CD926ECEF5800C63BCC /* Button.swift */ = {isa = PBXFileReference; lastKnownFileType = sourcecode.swift; path = Button.swift; sourceTree = "<group>"; };
		C82ED2A726FF2515005CF2F4 /* CountingLabel.swift */ = {isa = PBXFileReference; lastKnownFileType = sourcecode.swift; path = CountingLabel.swift; sourceTree = "<group>"; };
		C82ED2A926FF4EC5005CF2F4 /* Extensions.swift */ = {isa = PBXFileReference; lastKnownFileType = sourcecode.swift; path = Extensions.swift; sourceTree = "<group>"; };
		C84078B026DF661C0023C454 /* Quicksand-Bold.ttf */ = {isa = PBXFileReference; lastKnownFileType = file; path = "Quicksand-Bold.ttf"; sourceTree = "<group>"; };
		C84078B126DF661C0023C454 /* Quicksand-Medium.ttf */ = {isa = PBXFileReference; lastKnownFileType = file; path = "Quicksand-Medium.ttf"; sourceTree = "<group>"; };
		C84078B226DF661C0023C454 /* Quicksand-Regular.ttf */ = {isa = PBXFileReference; lastKnownFileType = file; path = "Quicksand-Regular.ttf"; sourceTree = "<group>"; };
		C84078B326DF661C0023C454 /* Quicksand-SemiBold.ttf */ = {isa = PBXFileReference; lastKnownFileType = file; path = "Quicksand-SemiBold.ttf"; sourceTree = "<group>"; };
		C84078B426DF661C0023C454 /* Quicksand-Light.ttf */ = {isa = PBXFileReference; lastKnownFileType = file; path = "Quicksand-Light.ttf"; sourceTree = "<group>"; };
		C84078B526DF661C0023C454 /* OFL.txt */ = {isa = PBXFileReference; fileEncoding = 4; lastKnownFileType = text; path = OFL.txt; sourceTree = "<group>"; };
		C84078B626DF661C0023C454 /* Quicksand-VariableFont_wght.ttf */ = {isa = PBXFileReference; lastKnownFileType = file; path = "Quicksand-VariableFont_wght.ttf"; sourceTree = "<group>"; };
		C84078B726DF661C0023C454 /* README.txt */ = {isa = PBXFileReference; fileEncoding = 4; lastKnownFileType = text; path = README.txt; sourceTree = "<group>"; };
		C84C0ED426F328C5001EE807 /* Slider.swift */ = {isa = PBXFileReference; lastKnownFileType = sourcecode.swift; path = Slider.swift; sourceTree = "<group>"; };
		C853A03426DE340F00BBF32E /* BMICalculator.app */ = {isa = PBXFileReference; explicitFileType = wrapper.application; includeInIndex = 0; path = BMICalculator.app; sourceTree = BUILT_PRODUCTS_DIR; };
		C853A03726DE340F00BBF32E /* AppDelegate.swift */ = {isa = PBXFileReference; lastKnownFileType = sourcecode.swift; path = AppDelegate.swift; sourceTree = "<group>"; };
		C853A03926DE340F00BBF32E /* SceneDelegate.swift */ = {isa = PBXFileReference; lastKnownFileType = sourcecode.swift; path = SceneDelegate.swift; sourceTree = "<group>"; };
		C853A03B26DE340F00BBF32E /* CalculateVC.swift */ = {isa = PBXFileReference; lastKnownFileType = sourcecode.swift; path = CalculateVC.swift; sourceTree = "<group>"; };
		C853A03E26DE340F00BBF32E /* Base */ = {isa = PBXFileReference; lastKnownFileType = file.storyboard; name = Base; path = Base.lproj/Main.storyboard; sourceTree = "<group>"; };
		C853A04026DE340F00BBF32E /* Assets.xcassets */ = {isa = PBXFileReference; lastKnownFileType = folder.assetcatalog; path = Assets.xcassets; sourceTree = "<group>"; };
		C853A04326DE340F00BBF32E /* Base */ = {isa = PBXFileReference; lastKnownFileType = file.storyboard; name = Base; path = Base.lproj/LaunchScreen.storyboard; sourceTree = "<group>"; };
		C853A04526DE340F00BBF32E /* Info.plist */ = {isa = PBXFileReference; lastKnownFileType = text.plist.xml; path = Info.plist; sourceTree = "<group>"; };
		C88940232701CFA6008EDAE9 /* CircularProgressBar.swift */ = {isa = PBXFileReference; lastKnownFileType = sourcecode.swift; path = CircularProgressBar.swift; sourceTree = "<group>"; };
		C8F3E21C26FAE00900C35A64 /* ResultVC.swift */ = {isa = PBXFileReference; lastKnownFileType = sourcecode.swift; name = ResultVC.swift; path = BMICalculator/Controller/ResultVC.swift; sourceTree = SOURCE_ROOT; };
		C8FC02CF26F33CB600FC20E2 /* Logo.swift */ = {isa = PBXFileReference; lastKnownFileType = sourcecode.swift; path = Logo.swift; sourceTree = "<group>"; };
		C8FD934126DFB1230077957F /* GradientLabel.swift */ = {isa = PBXFileReference; lastKnownFileType = sourcecode.swift; path = GradientLabel.swift; sourceTree = "<group>"; };
/* End PBXFileReference section */

/* Begin PBXFrameworksBuildPhase section */
		C853A03126DE340F00BBF32E /* Frameworks */ = {
			isa = PBXFrameworksBuildPhase;
			buildActionMask = 2147483647;
			files = (
			);
			runOnlyForDeploymentPostprocessing = 0;
		};
/* End PBXFrameworksBuildPhase section */

/* Begin PBXGroup section */
		C84078AD26DF65E90023C454 /* fonts */ = {
			isa = PBXGroup;
			children = (
				C84078AE26DF661C0023C454 /* Quicksand */,
			);
			path = fonts;
			sourceTree = "<group>";
		};
		C84078AE26DF661C0023C454 /* Quicksand */ = {
			isa = PBXGroup;
			children = (
				C84078AF26DF661C0023C454 /* static */,
				C84078B526DF661C0023C454 /* OFL.txt */,
				C84078B626DF661C0023C454 /* Quicksand-VariableFont_wght.ttf */,
				C84078B726DF661C0023C454 /* README.txt */,
			);
			path = Quicksand;
			sourceTree = "<group>";
		};
		C84078AF26DF661C0023C454 /* static */ = {
			isa = PBXGroup;
			children = (
				C84078B026DF661C0023C454 /* Quicksand-Bold.ttf */,
				C84078B126DF661C0023C454 /* Quicksand-Medium.ttf */,
				C84078B226DF661C0023C454 /* Quicksand-Regular.ttf */,
				C84078B326DF661C0023C454 /* Quicksand-SemiBold.ttf */,
				C84078B426DF661C0023C454 /* Quicksand-Light.ttf */,
			);
			path = static;
			sourceTree = "<group>";
		};
		C853A02B26DE340F00BBF32E = {
			isa = PBXGroup;
			children = (
				C82ED2A926FF4EC5005CF2F4 /* Extensions.swift */,
				C853A03626DE340F00BBF32E /* BMICalculator */,
				C853A03526DE340F00BBF32E /* Products */,
			);
			sourceTree = "<group>";
		};
		C853A03526DE340F00BBF32E /* Products */ = {
			isa = PBXGroup;
			children = (
				C853A03426DE340F00BBF32E /* BMICalculator.app */,
			);
			name = Products;
			sourceTree = "<group>";
		};
		C853A03626DE340F00BBF32E /* BMICalculator */ = {
			isa = PBXGroup;
			children = (
				C853A03726DE340F00BBF32E /* AppDelegate.swift */,
				C853A03926DE340F00BBF32E /* SceneDelegate.swift */,
				C884232F26F889D700AAFDDE /* Model */,
				C884233026F889EB00AAFDDE /* View */,
				C884232E26F889BA00AAFDDE /* Controller */,
				C853A04026DE340F00BBF32E /* Assets.xcassets */,
				C84078AD26DF65E90023C454 /* fonts */,
				C853A04226DE340F00BBF32E /* LaunchScreen.storyboard */,
				C853A04526DE340F00BBF32E /* Info.plist */,
			);
			path = BMICalculator;
			sourceTree = "<group>";
		};
		C884232E26F889BA00AAFDDE /* Controller */ = {
			isa = PBXGroup;
			children = (
				C8F3E21C26FAE00900C35A64 /* ResultVC.swift */,
				C853A03B26DE340F00BBF32E /* CalculateVC.swift */,
			);
			path = Controller;
			sourceTree = "<group>";
		};
		C884232F26F889D700AAFDDE /* Model */ = {
			isa = PBXGroup;
			children = (
				C82ED2A726FF2515005CF2F4 /* CountingLabel.swift */,
			);
			path = Model;
			sourceTree = "<group>";
		};
		C884233026F889EB00AAFDDE /* View */ = {
			isa = PBXGroup;
			children = (
				C853A03D26DE340F00BBF32E /* Main.storyboard */,
				C8183CD926ECEF5800C63BCC /* Button.swift */,
				C84C0ED426F328C5001EE807 /* Slider.swift */,
				C8FC02CF26F33CB600FC20E2 /* Logo.swift */,
				C8FD934126DFB1230077957F /* GradientLabel.swift */,
				C88940232701CFA6008EDAE9 /* CircularProgressBar.swift */,
			);
			path = View;
			sourceTree = "<group>";
		};
/* End PBXGroup section */

/* Begin PBXNativeTarget section */
		C853A03326DE340F00BBF32E /* BMICalculator */ = {
			isa = PBXNativeTarget;
			buildConfigurationList = C853A04826DE340F00BBF32E /* Build configuration list for PBXNativeTarget "BMICalculator" */;
			buildPhases = (
				C853A03026DE340F00BBF32E /* Sources */,
				C853A03126DE340F00BBF32E /* Frameworks */,
				C853A03226DE340F00BBF32E /* Resources */,
			);
			buildRules = (
			);
			dependencies = (
			);
			name = BMICalculator;
			productName = BMICalculator;
			productReference = C853A03426DE340F00BBF32E /* BMICalculator.app */;
			productType = "com.apple.product-type.application";
		};
/* End PBXNativeTarget section */

/* Begin PBXProject section */
		C853A02C26DE340F00BBF32E /* Project object */ = {
			isa = PBXProject;
			attributes = {
				LastSwiftUpdateCheck = 1250;
				LastUpgradeCheck = 1250;
				TargetAttributes = {
					C853A03326DE340F00BBF32E = {
						CreatedOnToolsVersion = 12.5.1;
					};
				};
			};
			buildConfigurationList = C853A02F26DE340F00BBF32E /* Build configuration list for PBXProject "BMICalculator" */;
			compatibilityVersion = "Xcode 9.3";
			developmentRegion = en;
			hasScannedForEncodings = 0;
			knownRegions = (
				en,
				Base,
			);
			mainGroup = C853A02B26DE340F00BBF32E;
			productRefGroup = C853A03526DE340F00BBF32E /* Products */;
			projectDirPath = "";
			projectRoot = "";
			targets = (
				C853A03326DE340F00BBF32E /* BMICalculator */,
			);
		};
/* End PBXProject section */

/* Begin PBXResourcesBuildPhase section */
		C853A03226DE340F00BBF32E /* Resources */ = {
			isa = PBXResourcesBuildPhase;
			buildActionMask = 2147483647;
			files = (
				C853A04426DE340F00BBF32E /* LaunchScreen.storyboard in Resources */,
				C84078BA26DF661C0023C454 /* Quicksand-Regular.ttf in Resources */,
				C84078BF26DF661C0023C454 /* README.txt in Resources */,
				C853A04126DE340F00BBF32E /* Assets.xcassets in Resources */,
				C84078BE26DF661C0023C454 /* Quicksand-VariableFont_wght.ttf in Resources */,
				C84078BD26DF661C0023C454 /* OFL.txt in Resources */,
				C853A03F26DE340F00BBF32E /* Main.storyboard in Resources */,
				C84078B826DF661C0023C454 /* Quicksand-Bold.ttf in Resources */,
				C84078BB26DF661C0023C454 /* Quicksand-SemiBold.ttf in Resources */,
				C84078B926DF661C0023C454 /* Quicksand-Medium.ttf in Resources */,
				C84078BC26DF661C0023C454 /* Quicksand-Light.ttf in Resources */,
			);
			runOnlyForDeploymentPostprocessing = 0;
		};
/* End PBXResourcesBuildPhase section */

/* Begin PBXSourcesBuildPhase section */
		C853A03026DE340F00BBF32E /* Sources */ = {
			isa = PBXSourcesBuildPhase;
			buildActionMask = 2147483647;
			files = (
				C8FD934226DFB1230077957F /* GradientLabel.swift in Sources */,
				C8F3E21D26FAE00900C35A64 /* ResultVC.swift in Sources */,
				C8FC02D026F33CB600FC20E2 /* Logo.swift in Sources */,
				C8183CDA26ECEF5800C63BCC /* Button.swift in Sources */,
				C82ED2A826FF2515005CF2F4 /* CountingLabel.swift in Sources */,
				C88940242701CFA6008EDAE9 /* CircularProgressBar.swift in Sources */,
				C82ED2AA26FF4EC5005CF2F4 /* Extensions.swift in Sources */,
				C853A03C26DE340F00BBF32E /* CalculateVC.swift in Sources */,
				C853A03826DE340F00BBF32E /* AppDelegate.swift in Sources */,
				C84C0ED526F328C5001EE807 /* Slider.swift in Sources */,
				C853A03A26DE340F00BBF32E /* SceneDelegate.swift in Sources */,
			);
			runOnlyForDeploymentPostprocessing = 0;
		};
/* End PBXSourcesBuildPhase section */

/* Begin PBXVariantGroup section */
		C853A03D26DE340F00BBF32E /* Main.storyboard */ = {
			isa = PBXVariantGroup;
			children = (
				C853A03E26DE340F00BBF32E /* Base */,
			);
			name = Main.storyboard;
			sourceTree = "<group>";
		};
		C853A04226DE340F00BBF32E /* LaunchScreen.storyboard */ = {
			isa = PBXVariantGroup;
			children = (
				C853A04326DE340F00BBF32E /* Base */,
			);
			name = LaunchScreen.storyboard;
			sourceTree = "<group>";
		};
/* End PBXVariantGroup section */

/* Begin XCBuildConfiguration section */
		C853A04626DE340F00BBF32E /* Debug */ = {
			isa = XCBuildConfiguration;
			buildSettings = {
				ALWAYS_SEARCH_USER_PATHS = NO;
				CLANG_ANALYZER_NONNULL = YES;
				CLANG_ANALYZER_NUMBER_OBJECT_CONVERSION = YES_AGGRESSIVE;
				CLANG_CXX_LANGUAGE_STANDARD = "gnu++14";
				CLANG_CXX_LIBRARY = "libc++";
				CLANG_ENABLE_MODULES = YES;
				CLANG_ENABLE_OBJC_ARC = YES;
				CLANG_ENABLE_OBJC_WEAK = YES;
				CLANG_WARN_BLOCK_CAPTURE_AUTORELEASING = YES;
				CLANG_WARN_BOOL_CONVERSION = YES;
				CLANG_WARN_COMMA = YES;
				CLANG_WARN_CONSTANT_CONVERSION = YES;
				CLANG_WARN_DEPRECATED_OBJC_IMPLEMENTATIONS = YES;
				CLANG_WARN_DIRECT_OBJC_ISA_USAGE = YES_ERROR;
				CLANG_WARN_DOCUMENTATION_COMMENTS = YES;
				CLANG_WARN_EMPTY_BODY = YES;
				CLANG_WARN_ENUM_CONVERSION = YES;
				CLANG_WARN_INFINITE_RECURSION = YES;
				CLANG_WARN_INT_CONVERSION = YES;
				CLANG_WARN_NON_LITERAL_NULL_CONVERSION = YES;
				CLANG_WARN_OBJC_IMPLICIT_RETAIN_SELF = YES;
				CLANG_WARN_OBJC_LITERAL_CONVERSION = YES;
				CLANG_WARN_OBJC_ROOT_CLASS = YES_ERROR;
				CLANG_WARN_QUOTED_INCLUDE_IN_FRAMEWORK_HEADER = YES;
				CLANG_WARN_RANGE_LOOP_ANALYSIS = YES;
				CLANG_WARN_STRICT_PROTOTYPES = YES;
				CLANG_WARN_SUSPICIOUS_MOVE = YES;
				CLANG_WARN_UNGUARDED_AVAILABILITY = YES_AGGRESSIVE;
				CLANG_WARN_UNREACHABLE_CODE = YES;
				CLANG_WARN__DUPLICATE_METHOD_MATCH = YES;
				COPY_PHASE_STRIP = NO;
				DEBUG_INFORMATION_FORMAT = dwarf;
				ENABLE_STRICT_OBJC_MSGSEND = YES;
				ENABLE_TESTABILITY = YES;
				GCC_C_LANGUAGE_STANDARD = gnu11;
				GCC_DYNAMIC_NO_PIC = NO;
				GCC_NO_COMMON_BLOCKS = YES;
				GCC_OPTIMIZATION_LEVEL = 0;
				GCC_PREPROCESSOR_DEFINITIONS = (
					"DEBUG=1",
					"$(inherited)",
				);
				GCC_WARN_64_TO_32_BIT_CONVERSION = YES;
				GCC_WARN_ABOUT_RETURN_TYPE = YES_ERROR;
				GCC_WARN_UNDECLARED_SELECTOR = YES;
				GCC_WARN_UNINITIALIZED_AUTOS = YES_AGGRESSIVE;
				GCC_WARN_UNUSED_FUNCTION = YES;
				GCC_WARN_UNUSED_VARIABLE = YES;
				IPHONEOS_DEPLOYMENT_TARGET = 14.5;
				MTL_ENABLE_DEBUG_INFO = INCLUDE_SOURCE;
				MTL_FAST_MATH = YES;
				ONLY_ACTIVE_ARCH = YES;
				SDKROOT = iphoneos;
				SWIFT_ACTIVE_COMPILATION_CONDITIONS = DEBUG;
				SWIFT_OPTIMIZATION_LEVEL = "-Onone";
			};
			name = Debug;
		};
		C853A04726DE340F00BBF32E /* Release */ = {
			isa = XCBuildConfiguration;
			buildSettings = {
				ALWAYS_SEARCH_USER_PATHS = NO;
				CLANG_ANALYZER_NONNULL = YES;
				CLANG_ANALYZER_NUMBER_OBJECT_CONVERSION = YES_AGGRESSIVE;
				CLANG_CXX_LANGUAGE_STANDARD = "gnu++14";
				CLANG_CXX_LIBRARY = "libc++";
				CLANG_ENABLE_MODULES = YES;
				CLANG_ENABLE_OBJC_ARC = YES;
				CLANG_ENABLE_OBJC_WEAK = YES;
				CLANG_WARN_BLOCK_CAPTURE_AUTORELEASING = YES;
				CLANG_WARN_BOOL_CONVERSION = YES;
				CLANG_WARN_COMMA = YES;
				CLANG_WARN_CONSTANT_CONVERSION = YES;
				CLANG_WARN_DEPRECATED_OBJC_IMPLEMENTATIONS = YES;
				CLANG_WARN_DIRECT_OBJC_ISA_USAGE = YES_ERROR;
				CLANG_WARN_DOCUMENTATION_COMMENTS = YES;
				CLANG_WARN_EMPTY_BODY = YES;
				CLANG_WARN_ENUM_CONVERSION = YES;
				CLANG_WARN_INFINITE_RECURSION = YES;
				CLANG_WARN_INT_CONVERSION = YES;
				CLANG_WARN_NON_LITERAL_NULL_CONVERSION = YES;
				CLANG_WARN_OBJC_IMPLICIT_RETAIN_SELF = YES;
				CLANG_WARN_OBJC_LITERAL_CONVERSION = YES;
				CLANG_WARN_OBJC_ROOT_CLASS = YES_ERROR;
				CLANG_WARN_QUOTED_INCLUDE_IN_FRAMEWORK_HEADER = YES;
				CLANG_WARN_RANGE_LOOP_ANALYSIS = YES;
				CLANG_WARN_STRICT_PROTOTYPES = YES;
				CLANG_WARN_SUSPICIOUS_MOVE = YES;
				CLANG_WARN_UNGUARDED_AVAILABILITY = YES_AGGRESSIVE;
				CLANG_WARN_UNREACHABLE_CODE = YES;
				CLANG_WARN__DUPLICATE_METHOD_MATCH = YES;
				COPY_PHASE_STRIP = NO;
				DEBUG_INFORMATION_FORMAT = "dwarf-with-dsym";
				ENABLE_NS_ASSERTIONS = NO;
				ENABLE_STRICT_OBJC_MSGSEND = YES;
				GCC_C_LANGUAGE_STANDARD = gnu11;
				GCC_NO_COMMON_BLOCKS = YES;
				GCC_WARN_64_TO_32_BIT_CONVERSION = YES;
				GCC_WARN_ABOUT_RETURN_TYPE = YES_ERROR;
				GCC_WARN_UNDECLARED_SELECTOR = YES;
				GCC_WARN_UNINITIALIZED_AUTOS = YES_AGGRESSIVE;
				GCC_WARN_UNUSED_FUNCTION = YES;
				GCC_WARN_UNUSED_VARIABLE = YES;
				IPHONEOS_DEPLOYMENT_TARGET = 14.5;
				MTL_ENABLE_DEBUG_INFO = NO;
				MTL_FAST_MATH = YES;
				SDKROOT = iphoneos;
				SWIFT_COMPILATION_MODE = wholemodule;
				SWIFT_OPTIMIZATION_LEVEL = "-O";
				VALIDATE_PRODUCT = YES;
			};
			name = Release;
		};
		C853A04926DE340F00BBF32E /* Debug */ = {
			isa = XCBuildConfiguration;
			buildSettings = {
				ASSETCATALOG_COMPILER_APPICON_NAME = AppIcon;
				ASSETCATALOG_COMPILER_GLOBAL_ACCENT_COLOR_NAME = AccentColor;
				CODE_SIGN_STYLE = Automatic;
				DEVELOPMENT_TEAM = Z36VGA9KK8;
				INFOPLIST_FILE = BMICalculator/Info.plist;
				LD_RUNPATH_SEARCH_PATHS = (
					"$(inherited)",
					"@executable_path/Frameworks",
				);
				PRODUCT_BUNDLE_IDENTIFIER = com.coolrepka.BMICalculator;
				PRODUCT_NAME = "$(TARGET_NAME)";
				SWIFT_VERSION = 5.0;
				TARGETED_DEVICE_FAMILY = "1,2";
			};
			name = Debug;
		};
		C853A04A26DE340F00BBF32E /* Release */ = {
			isa = XCBuildConfiguration;
			buildSettings = {
				ASSETCATALOG_COMPILER_APPICON_NAME = AppIcon;
				ASSETCATALOG_COMPILER_GLOBAL_ACCENT_COLOR_NAME = AccentColor;
				CODE_SIGN_STYLE = Automatic;
				DEVELOPMENT_TEAM = Z36VGA9KK8;
				INFOPLIST_FILE = BMICalculator/Info.plist;
				LD_RUNPATH_SEARCH_PATHS = (
					"$(inherited)",
					"@executable_path/Frameworks",
				);
				PRODUCT_BUNDLE_IDENTIFIER = com.coolrepka.BMICalculator;
				PRODUCT_NAME = "$(TARGET_NAME)";
				SWIFT_VERSION = 5.0;
				TARGETED_DEVICE_FAMILY = "1,2";
			};
			name = Release;
		};
/* End XCBuildConfiguration section */

/* Begin XCConfigurationList section */
		C853A02F26DE340F00BBF32E /* Build configuration list for PBXProject "BMICalculator" */ = {
			isa = XCConfigurationList;
			buildConfigurations = (
				C853A04626DE340F00BBF32E /* Debug */,
				C853A04726DE340F00BBF32E /* Release */,
			);
			defaultConfigurationIsVisible = 0;
			defaultConfigurationName = Release;
		};
		C853A04826DE340F00BBF32E /* Build configuration list for PBXNativeTarget "BMICalculator" */ = {
			isa = XCConfigurationList;
			buildConfigurations = (
				C853A04926DE340F00BBF32E /* Debug */,
				C853A04A26DE340F00BBF32E /* Release */,
			);
			defaultConfigurationIsVisible = 0;
			defaultConfigurationName = Release;
		};
/* End XCConfigurationList section */
	};
	rootObject = C853A02C26DE340F00BBF32E /* Project object */;
}
